{
  "name": "SZAKDOGA3.0",
  "lockfileVersion": 3,
  "requires": true,
  "packages": {
    "": {
      "dependencies": {
        "three": "^0.183.2",
        "threejs-galaxy-shader": "^1.0.2"
      }
    },
    "node_modules/three": {
      "version": "0.183.2",
      "resolved": "https://registry.npmjs.org/three/-/three-0.183.2.tgz",
      "integrity": "sha512-di3BsL2FEQ1PA7Hcvn4fyJOlxRRgFYBpMTcyOgkwJIaDOdJMebEFPA+t98EvjuljDx4hNulAGwF6KIjtwI5jgQ==",
      "license": "MIT"
    },
    "node_modules/threejs-galaxy-shader": {
      "version": "1.0.2",
      "resolved": "https://registry.npmjs.org/threejs-galaxy-shader/-/threejs-galaxy-shader-1.0.2.tgz",
      "integrity": "sha512-USdP4uNjeK5Ovf7kTixdzmDpS6oUxw29udc5n3s5CevEXPJ4VvhWKeCczCfQl1R0klpxe7+J/k/qgNwq+W9kKg==",
      "license": "MIT",
      "peerDependencies": {
        "three": ">=0.136.0 <1.0.0"
      }
    }
  }
}
